<?xml version="1.0" encoding="utf-8"?>
<Project ToolsVersion="17.0" xmlns="http://schemas.microsoft.com/developer/msbuild/2003">
  <ItemGroup>
    <CustomBuild Include="C:\Users\imwhi\OneDrive\Desktop\Chess-Game-CPP\CMakeFiles\48273e70bf434ddbb8a0e79cef99613d\INSTALL_force.rule">
      <Filter>CMake Rules</Filter>
    </CustomBuild>
  </ItemGroup>
  <ItemGroup>
    <Filter Include="CMake Rules">
      <UniqueIdentifier>{32B0B10A-730A-34B9-9E84-7A8E12606A6C}</UniqueIdentifier>
    </Filter>
  </ItemGroup>
</Project>
